
Microsoft Visual Studio Solution File, Format Version 12.00
# Visual Studio Version 17
VisualStudioVersion = 17.9.34622.214
MinimumVisualStudioVersion = 10.0.40219.1
Project("{9A19103F-16F7-4668-BE54-9A1E7A4F7556}") = "BiuroPodrozy.PortalWWW", "BiuroPodrozy.PortalWWW\BiuroPodrozy.PortalWWW.csproj", "{799A61DE-78F0-4B30-9A49-89ACD749C6E6}"
EndProject
Project("{9A19103F-16F7-4668-BE54-9A1E7A4F7556}") = "BiuroPodrozy.Intranet", "BiuroPodrozy.Intranet\BiuroPodrozy.Intranet.csproj", "{579E1CA9-38C7-4D59-A79F-993F74C6195B}"
EndProject
Project("{FAE04EC0-301F-11D3-BF4B-00C04F79EFBC}") = "BiuroPodrozy.Data", "BiuroPodrozy.Data\BiuroPodrozy.Data.csproj", "{8931A78B-3001-472D-A11C-167B5623462A}"
EndProject
Global
	GlobalSection(SolutionConfigurationPlatforms) = preSolution
		Debug|Any CPU = Debug|Any CPU
		Release|Any CPU = Release|Any CPU
	EndGlobalSection
	GlobalSection(ProjectConfigurationPlatforms) = postSolution
		{799A61DE-78F0-4B30-9A49-89ACD749C6E6}.Debug|Any CPU.ActiveCfg = Debug|Any CPU
		{799A61DE-78F0-4B30-9A49-89ACD749C6E6}.Debug|Any CPU.Build.0 = Debug|Any CPU
		{799A61DE-78F0-4B30-9A49-89ACD749C6E6}.Release|Any CPU.ActiveCfg = Release|Any CPU
		{799A61DE-78F0-4B30-9A49-89ACD749C6E6}.Release|Any CPU.Build.0 = Release|Any CPU
		{579E1CA9-38C7-4D59-A79F-993F74C6195B}.Debug|Any CPU.ActiveCfg = Debug|Any CPU
		{579E1CA9-38C7-4D59-A79F-993F74C6195B}.Debug|Any CPU.Build.0 = Debug|Any CPU
		{579E1CA9-38C7-4D59-A79F-993F74C6195B}.Release|Any CPU.ActiveCfg = Release|Any CPU
		{579E1CA9-38C7-4D59-A79F-993F74C6195B}.Release|Any CPU.Build.0 = Release|Any CPU
		{8931A78B-3001-472D-A11C-167B5623462A}.Debug|Any CPU.ActiveCfg = Debug|Any CPU
		{8931A78B-3001-472D-A11C-167B5623462A}.Debug|Any CPU.Build.0 = Debug|Any CPU
		{8931A78B-3001-472D-A11C-167B5623462A}.Release|Any CPU.ActiveCfg = Release|Any CPU
		{8931A78B-3001-472D-A11C-167B5623462A}.Release|Any CPU.Build.0 = Release|Any CPU
	EndGlobalSection
	GlobalSection(SolutionProperties) = preSolution
		HideSolutionNode = FALSE
	EndGlobalSection
	GlobalSection(ExtensibilityGlobals) = postSolution
		SolutionGuid = {C652C8D2-2F7E-4742-8E21-835FB8600D4D}
	EndGlobalSection
EndGlobal
